
Microsoft Visual Studio Solution File, Format Version 12.00
# Visual Studio Version 17
VisualStudioVersion = 17.0.31903.59
MinimumVisualStudioVersion = 10.0.40219.1
Project("{9A19103F-16F7-4668-BE54-9A1E7A4F7556}") = "QuantumForge", "MultiPrint\QuantumForge.csproj", "{71C27115-FEDE-48A3-93BB-64F85D20B270}"
EndProject
Project("{9A19103F-16F7-4668-BE54-9A1E7A4F7556}") = "PrintEnumerablesExample", "PrintEnumerablesExample\PrintEnumerablesExample.csproj", "{F821F1A8-72B5-44DD-8084-6775502948FE}"
EndProject
Project("{9A19103F-16F7-4668-BE54-9A1E7A4F7556}") = "PrintWinFormsDataGridViewExample", "PrintWinFormsDataGridViewExample\PrintWinFormsDataGridViewExample.csproj", "{ECEB2E1C-5C6F-42C9-8768-298B3EF84F21}"
EndProject
Project("{9A19103F-16F7-4668-BE54-9A1E7A4F7556}") = "PrintWpfAppDataGridExample", "PrintWpfAppDataGridExample\PrintWpfAppDataGridExample.csproj", "{28DF446C-AACE-4684-B846-2E965E73DAE3}"
EndProject
Global
	GlobalSection(SolutionConfigurationPlatforms) = preSolution
		Debug|Any CPU = Debug|Any CPU
		Release|Any CPU = Release|Any CPU
	EndGlobalSection
	GlobalSection(ProjectConfigurationPlatforms) = postSolution
		{71C27115-FEDE-48A3-93BB-64F85D20B270}.Debug|Any CPU.ActiveCfg = Debug|Any CPU
		{71C27115-FEDE-48A3-93BB-64F85D20B270}.Debug|Any CPU.Build.0 = Debug|Any CPU
		{71C27115-FEDE-48A3-93BB-64F85D20B270}.Release|Any CPU.ActiveCfg = Release|Any CPU
		{71C27115-FEDE-48A3-93BB-64F85D20B270}.Release|Any CPU.Build.0 = Release|Any CPU
		{F821F1A8-72B5-44DD-8084-6775502948FE}.Debug|Any CPU.ActiveCfg = Debug|Any CPU
		{F821F1A8-72B5-44DD-8084-6775502948FE}.Debug|Any CPU.Build.0 = Debug|Any CPU
		{F821F1A8-72B5-44DD-8084-6775502948FE}.Release|Any CPU.ActiveCfg = Release|Any CPU
		{F821F1A8-72B5-44DD-8084-6775502948FE}.Release|Any CPU.Build.0 = Release|Any CPU
		{ECEB2E1C-5C6F-42C9-8768-298B3EF84F21}.Debug|Any CPU.ActiveCfg = Debug|Any CPU
		{ECEB2E1C-5C6F-42C9-8768-298B3EF84F21}.Debug|Any CPU.Build.0 = Debug|Any CPU
		{ECEB2E1C-5C6F-42C9-8768-298B3EF84F21}.Release|Any CPU.ActiveCfg = Release|Any CPU
		{ECEB2E1C-5C6F-42C9-8768-298B3EF84F21}.Release|Any CPU.Build.0 = Release|Any CPU
		{28DF446C-AACE-4684-B846-2E965E73DAE3}.Debug|Any CPU.ActiveCfg = Debug|Any CPU
		{28DF446C-AACE-4684-B846-2E965E73DAE3}.Debug|Any CPU.Build.0 = Debug|Any CPU
		{28DF446C-AACE-4684-B846-2E965E73DAE3}.Release|Any CPU.ActiveCfg = Release|Any CPU
		{28DF446C-AACE-4684-B846-2E965E73DAE3}.Release|Any CPU.Build.0 = Release|Any CPU
	EndGlobalSection
	GlobalSection(SolutionProperties) = preSolution
		HideSolutionNode = FALSE
	EndGlobalSection
	GlobalSection(ExtensibilityGlobals) = postSolution
		SolutionGuid = {9A2ECB6E-0225-44C3-AA96-4D8F12A95167}
	EndGlobalSection
EndGlobal
